
Microsoft Visual Studio Solution File, Format Version 12.00
# Visual Studio Version 17
VisualStudioVersion = 17.14.36705.20
MinimumVisualStudioVersion = 10.0.40219.1
Project("{FAE04EC0-301F-11D3-BF4B-00C04F79EFBC}") = "CLIESC_EurekaBank_SOAP_GR04", "CLIESC_EurekaBank_SOAP_GR04\CLIESC_EurekaBank_SOAP_GR04.csproj", "{D49D4612-B465-476B-8AAA-43E78C88DF60}"
EndProject
Project("{FAE04EC0-301F-11D3-BF4B-00C04F79EFBC}") = "WS_EB_DOTNET_SOAP_Servidor", "..\..\01.SERVIDOR\WS_EB_DOTNET_SOAP_Servidor\WS_EB_DOTNET_SOAP_Servidor.csproj", "{2E5DDFB5-53CD-461C-AA13-AE0E0258B1B3}"
EndProject
Project("{2150E333-8FDC-42A3-9474-1A3956D46DE8}") = ".nuget", ".nuget", "{02EA681E-C7D8-13C7-8484-4AC65E1B71E8}"
	ProjectSection(SolutionItems) = preProject
		CLIESC_EurekaBank_SOAP_GR04\NuGet.Config = CLIESC_EurekaBank_SOAP_GR04\NuGet.Config
	EndProjectSection
EndProject
Global
	GlobalSection(SolutionConfigurationPlatforms) = preSolution
		Debug|Any CPU = Debug|Any CPU
		Release|Any CPU = Release|Any CPU
	EndGlobalSection
	GlobalSection(ProjectConfigurationPlatforms) = postSolution
		{D49D4612-B465-476B-8AAA-43E78C88DF60}.Debug|Any CPU.ActiveCfg = Debug|Any CPU
		{D49D4612-B465-476B-8AAA-43E78C88DF60}.Debug|Any CPU.Build.0 = Debug|Any CPU
		{D49D4612-B465-476B-8AAA-43E78C88DF60}.Release|Any CPU.ActiveCfg = Release|Any CPU
		{D49D4612-B465-476B-8AAA-43E78C88DF60}.Release|Any CPU.Build.0 = Release|Any CPU
		{2E5DDFB5-53CD-461C-AA13-AE0E0258B1B3}.Debug|Any CPU.ActiveCfg = Debug|Any CPU
		{2E5DDFB5-53CD-461C-AA13-AE0E0258B1B3}.Debug|Any CPU.Build.0 = Debug|Any CPU
		{2E5DDFB5-53CD-461C-AA13-AE0E0258B1B3}.Release|Any CPU.ActiveCfg = Release|Any CPU
		{2E5DDFB5-53CD-461C-AA13-AE0E0258B1B3}.Release|Any CPU.Build.0 = Release|Any CPU
	EndGlobalSection
	GlobalSection(SolutionProperties) = preSolution
		HideSolutionNode = FALSE
	EndGlobalSection
	GlobalSection(ExtensibilityGlobals) = postSolution
		SolutionGuid = {2750CE2F-E41D-4276-9FDD-369AA1940DF2}
	EndGlobalSection
EndGlobal
