
Microsoft Visual Studio Solution File, Format Version 12.00
# Visual Studio Version 17
VisualStudioVersion = 17.11.35327.3
MinimumVisualStudioVersion = 10.0.40219.1
Project("{FAE04EC0-301F-11D3-BF4B-00C04F79EFBC}") = "WS_EB_DOTNET_SOAP_Servidor", "WS_EB_DOTNET_SOAP_Servidor.csproj", "{2E5DDFB5-53CD-461C-AA13-AE0E0258B1B3}"
EndProject
Global
	GlobalSection(SolutionConfigurationPlatforms) = preSolution
		Debug|Any CPU = Debug|Any CPU
		Release|Any CPU = Release|Any CPU
	EndGlobalSection
	GlobalSection(ProjectConfigurationPlatforms) = postSolution
		{2E5DDFB5-53CD-461C-AA13-AE0E0258B1B3}.Debug|Any CPU.ActiveCfg = Debug|Any CPU
		{2E5DDFB5-53CD-461C-AA13-AE0E0258B1B3}.Debug|Any CPU.Build.0 = Debug|Any CPU
		{2E5DDFB5-53CD-461C-AA13-AE0E0258B1B3}.Release|Any CPU.ActiveCfg = Release|Any CPU
		{2E5DDFB5-53CD-461C-AA13-AE0E0258B1B3}.Release|Any CPU.Build.0 = Release|Any CPU
	EndGlobalSection
	GlobalSection(SolutionProperties) = preSolution
		HideSolutionNode = FALSE
	EndGlobalSection
	GlobalSection(ExtensibilityGlobals) = postSolution
		SolutionGuid = {4D4A5718-8EF2-46BF-9E2D-724F948B95D7}
	EndGlobalSection
EndGlobal
