
Microsoft Visual Studio Solution File, Format Version 12.00
# Visual Studio Version 17
VisualStudioVersion = 17.11.35327.3
MinimumVisualStudioVersion = 10.0.40219.1
Project("{FAE04EC0-301F-11D3-BF4B-00C04F79EFBC}") = "EB_DOTNET_SOAP_CliCon", "EB_DOTNET_SOAP_CliCon.csproj", "{C6F434D8-A609-48A0-98B0-2A00E5014A6A}"
EndProject
Global
	GlobalSection(SolutionConfigurationPlatforms) = preSolution
		Debug|Any CPU = Debug|Any CPU
		Release|Any CPU = Release|Any CPU
	EndGlobalSection
	GlobalSection(ProjectConfigurationPlatforms) = postSolution
		{C6F434D8-A609-48A0-98B0-2A00E5014A6A}.Debug|Any CPU.ActiveCfg = Debug|Any CPU
		{C6F434D8-A609-48A0-98B0-2A00E5014A6A}.Debug|Any CPU.Build.0 = Debug|Any CPU
		{C6F434D8-A609-48A0-98B0-2A00E5014A6A}.Release|Any CPU.ActiveCfg = Release|Any CPU
		{C6F434D8-A609-48A0-98B0-2A00E5014A6A}.Release|Any CPU.Build.0 = Release|Any CPU
	EndGlobalSection
	GlobalSection(SolutionProperties) = preSolution
		HideSolutionNode = FALSE
	EndGlobalSection
	GlobalSection(ExtensibilityGlobals) = postSolution
		SolutionGuid = {F05F9419-1A24-4998-9F31-4D546BAC079D}
	EndGlobalSection
EndGlobal
