
Microsoft Visual Studio Solution File, Format Version 12.00
# Visual Studio Version 17
VisualStudioVersion = 17.14.36705.20 d17.14
MinimumVisualStudioVersion = 10.0.40219.1
Project("{FAE04EC0-301F-11D3-BF4B-00C04F79EFBC}") = "WS_EB_DOTNET_SOAP", "WS_EB_DOTNET_SOAP\WS_EB_DOTNET_SOAP.csproj", "{F2B8E139-F7F2-4456-90D5-63F2BCCC7913}"
EndProject
Global
	GlobalSection(SolutionConfigurationPlatforms) = preSolution
		Debug|Any CPU = Debug|Any CPU
		Release|Any CPU = Release|Any CPU
	EndGlobalSection
	GlobalSection(ProjectConfigurationPlatforms) = postSolution
		{F2B8E139-F7F2-4456-90D5-63F2BCCC7913}.Debug|Any CPU.ActiveCfg = Debug|Any CPU
		{F2B8E139-F7F2-4456-90D5-63F2BCCC7913}.Debug|Any CPU.Build.0 = Debug|Any CPU
		{F2B8E139-F7F2-4456-90D5-63F2BCCC7913}.Release|Any CPU.ActiveCfg = Release|Any CPU
		{F2B8E139-F7F2-4456-90D5-63F2BCCC7913}.Release|Any CPU.Build.0 = Release|Any CPU
	EndGlobalSection
	GlobalSection(SolutionProperties) = preSolution
		HideSolutionNode = FALSE
	EndGlobalSection
	GlobalSection(ExtensibilityGlobals) = postSolution
		SolutionGuid = {D9693E00-2184-45BB-AB0A-61800A38296E}
	EndGlobalSection
EndGlobal
